// !$*UTF8*$!
{
	archiveVersion = 1;
	classes = {
	};
	objectVersion = 46;
	objects = {

/* Begin PBXBuildFile section */
		921030421CC5AB2D007F1BD9 /* AppDelegate.swift in Sources */ = {isa = PBXBuildFile; fileRef = 921030411CC5AB2D007F1BD9 /* AppDelegate.swift */; };
		921030441CC5AB2D007F1BD9 /* PublicBoardsViewController.swift in Sources */ = {isa = PBXBuildFile; fileRef = 921030431CC5AB2D007F1BD9 /* PublicBoardsViewController.swift */; };
		921030471CC5AB2D007F1BD9 /* Main.storyboard in Resources */ = {isa = PBXBuildFile; fileRef = 921030451CC5AB2D007F1BD9 /* Main.storyboard */; };
		9210304A1CC5AB2D007F1BD9 /* IceBreaker.xcdatamodeld in Sources */ = {isa = PBXBuildFile; fileRef = 921030481CC5AB2D007F1BD9 /* IceBreaker.xcdatamodeld */; };
		9210304C1CC5AB2D007F1BD9 /* Assets.xcassets in Resources */ = {isa = PBXBuildFile; fileRef = 9210304B1CC5AB2D007F1BD9 /* Assets.xcassets */; };
		9210304F1CC5AB2D007F1BD9 /* LaunchScreen.storyboard in Resources */ = {isa = PBXBuildFile; fileRef = 9210304D1CC5AB2D007F1BD9 /* LaunchScreen.storyboard */; };
		9210305A1CC5AB2D007F1BD9 /* IceBreakerTests.swift in Sources */ = {isa = PBXBuildFile; fileRef = 921030591CC5AB2D007F1BD9 /* IceBreakerTests.swift */; };
		921030651CC5AB2D007F1BD9 /* IceBreakerUITests.swift in Sources */ = {isa = PBXBuildFile; fileRef = 921030641CC5AB2D007F1BD9 /* IceBreakerUITests.swift */; };
		92593F9E1CD107FC006C20BD /* IBConversation.swift in Sources */ = {isa = PBXBuildFile; fileRef = 92593F9D1CD107FC006C20BD /* IBConversation.swift */; };
		92E02B9A1CCC753700EBACE5 /* IBPacket.swift in Sources */ = {isa = PBXBuildFile; fileRef = 92E02B991CCC753700EBACE5 /* IBPacket.swift */; };
		92ED49F71CD89C9F00CEC940 /* MessageCell.swift in Sources */ = {isa = PBXBuildFile; fileRef = 92ED49F61CD89C9F00CEC940 /* MessageCell.swift */; };
		92ED49F91CD89CAB00CEC940 /* PublicBoardsCell.swift in Sources */ = {isa = PBXBuildFile; fileRef = 92ED49F81CD89CAB00CEC940 /* PublicBoardsCell.swift */; };
		92ED49FD1CD8ADE500CEC940 /* MessagesViewController.swift in Sources */ = {isa = PBXBuildFile; fileRef = 92ED49FC1CD8ADE500CEC940 /* MessagesViewController.swift */; };
		92ED49FF1CD8BE1C00CEC940 /* ComposeMessageViewController.swift in Sources */ = {isa = PBXBuildFile; fileRef = 92ED49FE1CD8BE1C00CEC940 /* ComposeMessageViewController.swift */; };
		92F340D31CD7F6F6000C5EB3 /* SettingsViewController.swift in Sources */ = {isa = PBXBuildFile; fileRef = 92F340D21CD7F6F6000C5EB3 /* SettingsViewController.swift */; };
		92F340D51CD7FBFF000C5EB3 /* IBUser.swift in Sources */ = {isa = PBXBuildFile; fileRef = 92F340D41CD7FBFF000C5EB3 /* IBUser.swift */; };
		92FB8C491CC7333200FD4894 /* OriginalMessagesViewController.swift in Sources */ = {isa = PBXBuildFile; fileRef = 92FB8C481CC7333200FD4894 /* OriginalMessagesViewController.swift */; };
		92FB8C4B1CC7333D00FD4894 /* IceBreakerServiceManager.swift in Sources */ = {isa = PBXBuildFile; fileRef = 92FB8C4A1CC7333D00FD4894 /* IceBreakerServiceManager.swift */; };
		92FB8C4D1CC7337900FD4894 /* Globals.swift in Sources */ = {isa = PBXBuildFile; fileRef = 92FB8C4C1CC7337900FD4894 /* Globals.swift */; };
/* End PBXBuildFile section */

/* Begin PBXContainerItemProxy section */
		921030561CC5AB2D007F1BD9 /* PBXContainerItemProxy */ = {
			isa = PBXContainerItemProxy;
			containerPortal = 921030361CC5AB2D007F1BD9 /* Project object */;
			proxyType = 1;
			remoteGlobalIDString = 9210303D1CC5AB2D007F1BD9;
			remoteInfo = IceBreaker;
		};
		921030611CC5AB2D007F1BD9 /* PBXContainerItemProxy */ = {
			isa = PBXContainerItemProxy;
			containerPortal = 921030361CC5AB2D007F1BD9 /* Project object */;
			proxyType = 1;
			remoteGlobalIDString = 9210303D1CC5AB2D007F1BD9;
			remoteInfo = IceBreaker;
		};
/* End PBXContainerItemProxy section */

/* Begin PBXFileReference section */
		9210303E1CC5AB2D007F1BD9 /* IceBreaker.app */ = {isa = PBXFileReference; explicitFileType = wrapper.application; includeInIndex = 0; path = IceBreaker.app; sourceTree = BUILT_PRODUCTS_DIR; };
		921030411CC5AB2D007F1BD9 /* AppDelegate.swift */ = {isa = PBXFileReference; lastKnownFileType = sourcecode.swift; path = AppDelegate.swift; sourceTree = "<group>"; };
		921030431CC5AB2D007F1BD9 /* PublicBoardsViewController.swift */ = {isa = PBXFileReference; lastKnownFileType = sourcecode.swift; path = PublicBoardsViewController.swift; sourceTree = "<group>"; };
		921030461CC5AB2D007F1BD9 /* Base */ = {isa = PBXFileReference; lastKnownFileType = file.storyboard; name = Base; path = Base.lproj/Main.storyboard; sourceTree = "<group>"; };
		921030491CC5AB2D007F1BD9 /* IceBreaker.xcdatamodel */ = {isa = PBXFileReference; lastKnownFileType = wrapper.xcdatamodel; path = IceBreaker.xcdatamodel; sourceTree = "<group>"; };
		9210304B1CC5AB2D007F1BD9 /* Assets.xcassets */ = {isa = PBXFileReference; lastKnownFileType = folder.assetcatalog; path = Assets.xcassets; sourceTree = "<group>"; };
		9210304E1CC5AB2D007F1BD9 /* Base */ = {isa = PBXFileReference; lastKnownFileType = file.storyboard; name = Base; path = Base.lproj/LaunchScreen.storyboard; sourceTree = "<group>"; };
		921030501CC5AB2D007F1BD9 /* Info.plist */ = {isa = PBXFileReference; lastKnownFileType = text.plist.xml; path = Info.plist; sourceTree = "<group>"; };
		921030551CC5AB2D007F1BD9 /* IceBreakerTests.xctest */ = {isa = PBXFileReference; explicitFileType = wrapper.cfbundle; includeInIndex = 0; path = IceBreakerTests.xctest; sourceTree = BUILT_PRODUCTS_DIR; };
		921030591CC5AB2D007F1BD9 /* IceBreakerTests.swift */ = {isa = PBXFileReference; lastKnownFileType = sourcecode.swift; path = IceBreakerTests.swift; sourceTree = "<group>"; };
		9210305B1CC5AB2D007F1BD9 /* Info.plist */ = {isa = PBXFileReference; lastKnownFileType = text.plist.xml; path = Info.plist; sourceTree = "<group>"; };
		921030601CC5AB2D007F1BD9 /* IceBreakerUITests.xctest */ = {isa = PBXFileReference; explicitFileType = wrapper.cfbundle; includeInIndex = 0; path = IceBreakerUITests.xctest; sourceTree = BUILT_PRODUCTS_DIR; };
		921030641CC5AB2D007F1BD9 /* IceBreakerUITests.swift */ = {isa = PBXFileReference; lastKnownFileType = sourcecode.swift; path = IceBreakerUITests.swift; sourceTree = "<group>"; };
		921030661CC5AB2D007F1BD9 /* Info.plist */ = {isa = PBXFileReference; lastKnownFileType = text.plist.xml; path = Info.plist; sourceTree = "<group>"; };
		92593F9D1CD107FC006C20BD /* IBConversation.swift */ = {isa = PBXFileReference; fileEncoding = 4; lastKnownFileType = sourcecode.swift; path = IBConversation.swift; sourceTree = "<group>"; };
		92E02B991CCC753700EBACE5 /* IBPacket.swift */ = {isa = PBXFileReference; fileEncoding = 4; lastKnownFileType = sourcecode.swift; path = IBPacket.swift; sourceTree = "<group>"; };
		92ED49F61CD89C9F00CEC940 /* MessageCell.swift */ = {isa = PBXFileReference; fileEncoding = 4; lastKnownFileType = sourcecode.swift; path = MessageCell.swift; sourceTree = "<group>"; };
		92ED49F81CD89CAB00CEC940 /* PublicBoardsCell.swift */ = {isa = PBXFileReference; fileEncoding = 4; lastKnownFileType = sourcecode.swift; path = PublicBoardsCell.swift; sourceTree = "<group>"; };
		92ED49FC1CD8ADE500CEC940 /* MessagesViewController.swift */ = {isa = PBXFileReference; fileEncoding = 4; lastKnownFileType = sourcecode.swift; path = MessagesViewController.swift; sourceTree = "<group>"; };
		92ED49FE1CD8BE1C00CEC940 /* ComposeMessageViewController.swift */ = {isa = PBXFileReference; fileEncoding = 4; lastKnownFileType = sourcecode.swift; path = ComposeMessageViewController.swift; sourceTree = "<group>"; };
		92F340D21CD7F6F6000C5EB3 /* SettingsViewController.swift */ = {isa = PBXFileReference; fileEncoding = 4; lastKnownFileType = sourcecode.swift; path = SettingsViewController.swift; sourceTree = "<group>"; };
		92F340D41CD7FBFF000C5EB3 /* IBUser.swift */ = {isa = PBXFileReference; fileEncoding = 4; lastKnownFileType = sourcecode.swift; path = IBUser.swift; sourceTree = "<group>"; };
		92FB8C481CC7333200FD4894 /* OriginalMessagesViewController.swift */ = {isa = PBXFileReference; fileEncoding = 4; lastKnownFileType = sourcecode.swift; path = OriginalMessagesViewController.swift; sourceTree = "<group>"; };
		92FB8C4A1CC7333D00FD4894 /* IceBreakerServiceManager.swift */ = {isa = PBXFileReference; fileEncoding = 4; lastKnownFileType = sourcecode.swift; path = IceBreakerServiceManager.swift; sourceTree = "<group>"; };
		92FB8C4C1CC7337900FD4894 /* Globals.swift */ = {isa = PBXFileReference; fileEncoding = 4; lastKnownFileType = sourcecode.swift; path = Globals.swift; sourceTree = "<group>"; };
/* End PBXFileReference section */

/* Begin PBXFrameworksBuildPhase section */
		9210303B1CC5AB2D007F1BD9 /* Frameworks */ = {
			isa = PBXFrameworksBuildPhase;
			buildActionMask = 2147483647;
			files = (
			);
			runOnlyForDeploymentPostprocessing = 0;
		};
		921030521CC5AB2D007F1BD9 /* Frameworks */ = {
			isa = PBXFrameworksBuildPhase;
			buildActionMask = 2147483647;
			files = (
			);
			runOnlyForDeploymentPostprocessing = 0;
		};
		9210305D1CC5AB2D007F1BD9 /* Frameworks */ = {
			isa = PBXFrameworksBuildPhase;
			buildActionMask = 2147483647;
			files = (
			);
			runOnlyForDeploymentPostprocessing = 0;
		};
/* End PBXFrameworksBuildPhase section */

/* Begin PBXGroup section */
		921030351CC5AB2D007F1BD9 = {
			isa = PBXGroup;
			children = (
				921030401CC5AB2D007F1BD9 /* IceBreaker */,
				921030581CC5AB2D007F1BD9 /* IceBreakerTests */,
				921030631CC5AB2D007F1BD9 /* IceBreakerUITests */,
				9210303F1CC5AB2D007F1BD9 /* Products */,
			);
			sourceTree = "<group>";
		};
		9210303F1CC5AB2D007F1BD9 /* Products */ = {
			isa = PBXGroup;
			children = (
				9210303E1CC5AB2D007F1BD9 /* IceBreaker.app */,
				921030551CC5AB2D007F1BD9 /* IceBreakerTests.xctest */,
				921030601CC5AB2D007F1BD9 /* IceBreakerUITests.xctest */,
			);
			name = Products;
			sourceTree = "<group>";
		};
		921030401CC5AB2D007F1BD9 /* IceBreaker */ = {
			isa = PBXGroup;
			children = (
				92ED49F81CD89CAB00CEC940 /* PublicBoardsCell.swift */,
				92ED49F61CD89C9F00CEC940 /* MessageCell.swift */,
				921030411CC5AB2D007F1BD9 /* AppDelegate.swift */,
				92FB8C4C1CC7337900FD4894 /* Globals.swift */,
				921030431CC5AB2D007F1BD9 /* PublicBoardsViewController.swift */,
				92FB8C4A1CC7333D00FD4894 /* IceBreakerServiceManager.swift */,
				92E02B991CCC753700EBACE5 /* IBPacket.swift */,
				92FB8C481CC7333200FD4894 /* OriginalMessagesViewController.swift */,
				92593F9D1CD107FC006C20BD /* IBConversation.swift */,
				921030451CC5AB2D007F1BD9 /* Main.storyboard */,
				92F340D21CD7F6F6000C5EB3 /* SettingsViewController.swift */,
				92F340D41CD7FBFF000C5EB3 /* IBUser.swift */,
				92ED49FC1CD8ADE500CEC940 /* MessagesViewController.swift */,
				92ED49FE1CD8BE1C00CEC940 /* ComposeMessageViewController.swift */,
				9210304B1CC5AB2D007F1BD9 /* Assets.xcassets */,
				9210304D1CC5AB2D007F1BD9 /* LaunchScreen.storyboard */,
				921030501CC5AB2D007F1BD9 /* Info.plist */,
				921030481CC5AB2D007F1BD9 /* IceBreaker.xcdatamodeld */,
			);
			path = IceBreaker;
			sourceTree = "<group>";
		};
		921030581CC5AB2D007F1BD9 /* IceBreakerTests */ = {
			isa = PBXGroup;
			children = (
				921030591CC5AB2D007F1BD9 /* IceBreakerTests.swift */,
				9210305B1CC5AB2D007F1BD9 /* Info.plist */,
			);
			path = IceBreakerTests;
			sourceTree = "<group>";
		};
		921030631CC5AB2D007F1BD9 /* IceBreakerUITests */ = {
			isa = PBXGroup;
			children = (
				921030641CC5AB2D007F1BD9 /* IceBreakerUITests.swift */,
				921030661CC5AB2D007F1BD9 /* Info.plist */,
			);
			path = IceBreakerUITests;
			sourceTree = "<group>";
		};
/* End PBXGroup section */

/* Begin PBXNativeTarget section */
		9210303D1CC5AB2D007F1BD9 /* IceBreaker */ = {
			isa = PBXNativeTarget;
			buildConfigurationList = 921030691CC5AB2D007F1BD9 /* Build configuration list for PBXNativeTarget "IceBreaker" */;
			buildPhases = (
				9210303A1CC5AB2D007F1BD9 /* Sources */,
				9210303B1CC5AB2D007F1BD9 /* Frameworks */,
				9210303C1CC5AB2D007F1BD9 /* Resources */,
			);
			buildRules = (
			);
			dependencies = (
			);
			name = IceBreaker;
			productName = IceBreaker;
			productReference = 9210303E1CC5AB2D007F1BD9 /* IceBreaker.app */;
			productType = "com.apple.product-type.application";
		};
		921030541CC5AB2D007F1BD9 /* IceBreakerTests */ = {
			isa = PBXNativeTarget;
			buildConfigurationList = 9210306C1CC5AB2D007F1BD9 /* Build configuration list for PBXNativeTarget "IceBreakerTests" */;
			buildPhases = (
				921030511CC5AB2D007F1BD9 /* Sources */,
				921030521CC5AB2D007F1BD9 /* Frameworks */,
				921030531CC5AB2D007F1BD9 /* Resources */,
			);
			buildRules = (
			);
			dependencies = (
				921030571CC5AB2D007F1BD9 /* PBXTargetDependency */,
			);
			name = IceBreakerTests;
			productName = IceBreakerTests;
			productReference = 921030551CC5AB2D007F1BD9 /* IceBreakerTests.xctest */;
			productType = "com.apple.product-type.bundle.unit-test";
		};
		9210305F1CC5AB2D007F1BD9 /* IceBreakerUITests */ = {
			isa = PBXNativeTarget;
			buildConfigurationList = 9210306F1CC5AB2D007F1BD9 /* Build configuration list for PBXNativeTarget "IceBreakerUITests" */;
			buildPhases = (
				9210305C1CC5AB2D007F1BD9 /* Sources */,
				9210305D1CC5AB2D007F1BD9 /* Frameworks */,
				9210305E1CC5AB2D007F1BD9 /* Resources */,
			);
			buildRules = (
			);
			dependencies = (
				921030621CC5AB2D007F1BD9 /* PBXTargetDependency */,
			);
			name = IceBreakerUITests;
			productName = IceBreakerUITests;
			productReference = 921030601CC5AB2D007F1BD9 /* IceBreakerUITests.xctest */;
			productType = "com.apple.product-type.bundle.ui-testing";
		};
/* End PBXNativeTarget section */

/* Begin PBXProject section */
		921030361CC5AB2D007F1BD9 /* Project object */ = {
			isa = PBXProject;
			attributes = {
				LastSwiftUpdateCheck = 0730;
				LastUpgradeCheck = 0730;
				ORGANIZATIONNAME = AnthonyDDelToro;
				TargetAttributes = {
					9210303D1CC5AB2D007F1BD9 = {
						CreatedOnToolsVersion = 7.3;
						DevelopmentTeam = 794G4JF955;
					};
					921030541CC5AB2D007F1BD9 = {
						CreatedOnToolsVersion = 7.3;
						TestTargetID = 9210303D1CC5AB2D007F1BD9;
					};
					9210305F1CC5AB2D007F1BD9 = {
						CreatedOnToolsVersion = 7.3;
						TestTargetID = 9210303D1CC5AB2D007F1BD9;
					};
				};
			};
			buildConfigurationList = 921030391CC5AB2D007F1BD9 /* Build configuration list for PBXProject "IceBreaker" */;
			compatibilityVersion = "Xcode 3.2";
			developmentRegion = English;
			hasScannedForEncodings = 0;
			knownRegions = (
				en,
				Base,
			);
			mainGroup = 921030351CC5AB2D007F1BD9;
			productRefGroup = 9210303F1CC5AB2D007F1BD9 /* Products */;
			projectDirPath = "";
			projectRoot = "";
			targets = (
				9210303D1CC5AB2D007F1BD9 /* IceBreaker */,
				921030541CC5AB2D007F1BD9 /* IceBreakerTests */,
				9210305F1CC5AB2D007F1BD9 /* IceBreakerUITests */,
			);
		};
/* End PBXProject section */

/* Begin PBXResourcesBuildPhase section */
		9210303C1CC5AB2D007F1BD9 /* Resources */ = {
			isa = PBXResourcesBuildPhase;
			buildActionMask = 2147483647;
			files = (
				9210304F1CC5AB2D007F1BD9 /* LaunchScreen.storyboard in Resources */,
				9210304C1CC5AB2D007F1BD9 /* Assets.xcassets in Resources */,
				921030471CC5AB2D007F1BD9 /* Main.storyboard in Resources */,
			);
			runOnlyForDeploymentPostprocessing = 0;
		};
		921030531CC5AB2D007F1BD9 /* Resources */ = {
			isa = PBXResourcesBuildPhase;
			buildActionMask = 2147483647;
			files = (
			);
			runOnlyForDeploymentPostprocessing = 0;
		};
		9210305E1CC5AB2D007F1BD9 /* Resources */ = {
			isa = PBXResourcesBuildPhase;
			buildActionMask = 2147483647;
			files = (
			);
			runOnlyForDeploymentPostprocessing = 0;
		};
/* End PBXResourcesBuildPhase section */

/* Begin PBXSourcesBuildPhase section */
		9210303A1CC5AB2D007F1BD9 /* Sources */ = {
			isa = PBXSourcesBuildPhase;
			buildActionMask = 2147483647;
			files = (
				92ED49F71CD89C9F00CEC940 /* MessageCell.swift in Sources */,
				92E02B9A1CCC753700EBACE5 /* IBPacket.swift in Sources */,
				9210304A1CC5AB2D007F1BD9 /* IceBreaker.xcdatamodeld in Sources */,
				92ED49FF1CD8BE1C00CEC940 /* ComposeMessageViewController.swift in Sources */,
				921030441CC5AB2D007F1BD9 /* PublicBoardsViewController.swift in Sources */,
				92FB8C4D1CC7337900FD4894 /* Globals.swift in Sources */,
				92FB8C491CC7333200FD4894 /* OriginalMessagesViewController.swift in Sources */,
				92ED49FD1CD8ADE500CEC940 /* MessagesViewController.swift in Sources */,
				92593F9E1CD107FC006C20BD /* IBConversation.swift in Sources */,
				92FB8C4B1CC7333D00FD4894 /* IceBreakerServiceManager.swift in Sources */,
				92F340D51CD7FBFF000C5EB3 /* IBUser.swift in Sources */,
				921030421CC5AB2D007F1BD9 /* AppDelegate.swift in Sources */,
				92ED49F91CD89CAB00CEC940 /* PublicBoardsCell.swift in Sources */,
				92F340D31CD7F6F6000C5EB3 /* SettingsViewController.swift in Sources */,
			);
			runOnlyForDeploymentPostprocessing = 0;
		};
		921030511CC5AB2D007F1BD9 /* Sources */ = {
			isa = PBXSourcesBuildPhase;
			buildActionMask = 2147483647;
			files = (
				9210305A1CC5AB2D007F1BD9 /* IceBreakerTests.swift in Sources */,
			);
			runOnlyForDeploymentPostprocessing = 0;
		};
		9210305C1CC5AB2D007F1BD9 /* Sources */ = {
			isa = PBXSourcesBuildPhase;
			buildActionMask = 2147483647;
			files = (
				921030651CC5AB2D007F1BD9 /* IceBreakerUITests.swift in Sources */,
			);
			runOnlyForDeploymentPostprocessing = 0;
		};
/* End PBXSourcesBuildPhase section */

/* Begin PBXTargetDependency section */
		921030571CC5AB2D007F1BD9 /* PBXTargetDependency */ = {
			isa = PBXTargetDependency;
			target = 9210303D1CC5AB2D007F1BD9 /* IceBreaker */;
			targetProxy = 921030561CC5AB2D007F1BD9 /* PBXContainerItemProxy */;
		};
		921030621CC5AB2D007F1BD9 /* PBXTargetDependency */ = {
			isa = PBXTargetDependency;
			target = 9210303D1CC5AB2D007F1BD9 /* IceBreaker */;
			targetProxy = 921030611CC5AB2D007F1BD9 /* PBXContainerItemProxy */;
		};
/* End PBXTargetDependency section */

/* Begin PBXVariantGroup section */
		921030451CC5AB2D007F1BD9 /* Main.storyboard */ = {
			isa = PBXVariantGroup;
			children = (
				921030461CC5AB2D007F1BD9 /* Base */,
			);
			name = Main.storyboard;
			sourceTree = "<group>";
		};
		9210304D1CC5AB2D007F1BD9 /* LaunchScreen.storyboard */ = {
			isa = PBXVariantGroup;
			children = (
				9210304E1CC5AB2D007F1BD9 /* Base */,
			);
			name = LaunchScreen.storyboard;
			sourceTree = "<group>";
		};
/* End PBXVariantGroup section */

/* Begin XCBuildConfiguration section */
		921030671CC5AB2D007F1BD9 /* Debug */ = {
			isa = XCBuildConfiguration;
			buildSettings = {
				ALWAYS_SEARCH_USER_PATHS = NO;
				CLANG_ANALYZER_NONNULL = YES;
				CLANG_CXX_LANGUAGE_STANDARD = "gnu++0x";
				CLANG_CXX_LIBRARY = "libc++";
				CLANG_ENABLE_MODULES = YES;
				CLANG_ENABLE_OBJC_ARC = YES;
				CLANG_WARN_BOOL_CONVERSION = YES;
				CLANG_WARN_CONSTANT_CONVERSION = YES;
				CLANG_WARN_DIRECT_OBJC_ISA_USAGE = YES_ERROR;
				CLANG_WARN_EMPTY_BODY = YES;
				CLANG_WARN_ENUM_CONVERSION = YES;
				CLANG_WARN_INT_CONVERSION = YES;
				CLANG_WARN_OBJC_ROOT_CLASS = YES_ERROR;
				CLANG_WARN_UNREACHABLE_CODE = YES;
				CLANG_WARN__DUPLICATE_METHOD_MATCH = YES;
				"CODE_SIGN_IDENTITY[sdk=iphoneos*]" = "iPhone Developer";
				COPY_PHASE_STRIP = NO;
				DEBUG_INFORMATION_FORMAT = dwarf;
				ENABLE_STRICT_OBJC_MSGSEND = YES;
				ENABLE_TESTABILITY = YES;
				GCC_C_LANGUAGE_STANDARD = gnu99;
				GCC_DYNAMIC_NO_PIC = NO;
				GCC_NO_COMMON_BLOCKS = YES;
				GCC_OPTIMIZATION_LEVEL = 0;
				GCC_PREPROCESSOR_DEFINITIONS = (
					"DEBUG=1",
					"$(inherited)",
				);
				GCC_WARN_64_TO_32_BIT_CONVERSION = YES;
				GCC_WARN_ABOUT_RETURN_TYPE = YES_ERROR;
				GCC_WARN_UNDECLARED_SELECTOR = YES;
				GCC_WARN_UNINITIALIZED_AUTOS = YES_AGGRESSIVE;
				GCC_WARN_UNUSED_FUNCTION = YES;
				GCC_WARN_UNUSED_VARIABLE = YES;
				IPHONEOS_DEPLOYMENT_TARGET = 9.3;
				MTL_ENABLE_DEBUG_INFO = YES;
				ONLY_ACTIVE_ARCH = YES;
				SDKROOT = iphoneos;
				SWIFT_OPTIMIZATION_LEVEL = "-Onone";
				TARGETED_DEVICE_FAMILY = "1,2";
			};
			name = Debug;
		};
		921030681CC5AB2D007F1BD9 /* Release */ = {
			isa = XCBuildConfiguration;
			buildSettings = {
				ALWAYS_SEARCH_USER_PATHS = NO;
				CLANG_ANALYZER_NONNULL = YES;
				CLANG_CXX_LANGUAGE_STANDARD = "gnu++0x";
				CLANG_CXX_LIBRARY = "libc++";
				CLANG_ENABLE_MODULES = YES;
				CLANG_ENABLE_OBJC_ARC = YES;
				CLANG_WARN_BOOL_CONVERSION = YES;
				CLANG_WARN_CONSTANT_CONVERSION = YES;
				CLANG_WARN_DIRECT_OBJC_ISA_USAGE = YES_ERROR;
				CLANG_WARN_EMPTY_BODY = YES;
				CLANG_WARN_ENUM_CONVERSION = YES;
				CLANG_WARN_INT_CONVERSION = YES;
				CLANG_WARN_OBJC_ROOT_CLASS = YES_ERROR;
				CLANG_WARN_UNREACHABLE_CODE = YES;
				CLANG_WARN__DUPLICATE_METHOD_MATCH = YES;
				"CODE_SIGN_IDENTITY[sdk=iphoneos*]" = "iPhone Developer";
				COPY_PHASE_STRIP = NO;
				DEBUG_INFORMATION_FORMAT = "dwarf-with-dsym";
				ENABLE_NS_ASSERTIONS = NO;
				ENABLE_STRICT_OBJC_MSGSEND = YES;
				GCC_C_LANGUAGE_STANDARD = gnu99;
				GCC_NO_COMMON_BLOCKS = YES;
				GCC_WARN_64_TO_32_BIT_CONVERSION = YES;
				GCC_WARN_ABOUT_RETURN_TYPE = YES_ERROR;
				GCC_WARN_UNDECLARED_SELECTOR = YES;
				GCC_WARN_UNINITIALIZED_AUTOS = YES_AGGRESSIVE;
				GCC_WARN_UNUSED_FUNCTION = YES;
				GCC_WARN_UNUSED_VARIABLE = YES;
				IPHONEOS_DEPLOYMENT_TARGET = 9.3;
				MTL_ENABLE_DEBUG_INFO = NO;
				SDKROOT = iphoneos;
				TARGETED_DEVICE_FAMILY = "1,2";
				VALIDATE_PRODUCT = YES;
			};
			name = Release;
		};
		9210306A1CC5AB2D007F1BD9 /* Debug */ = {
			isa = XCBuildConfiguration;
			buildSettings = {
				ASSETCATALOG_COMPILER_APPICON_NAME = AppIcon;
				CODE_SIGN_IDENTITY = "iPhone Developer";
				"CODE_SIGN_IDENTITY[sdk=iphoneos*]" = "iPhone Developer";
				INFOPLIST_FILE = IceBreaker/Info.plist;
				IPHONEOS_DEPLOYMENT_TARGET = 8.2;
				LD_RUNPATH_SEARCH_PATHS = "$(inherited) @executable_path/Frameworks";
				PRODUCT_BUNDLE_IDENTIFIER = com.AnthonyDDelToro.IceBreaker;
				PRODUCT_NAME = "$(TARGET_NAME)";
				PROVISIONING_PROFILE = "";
			};
			name = Debug;
		};
		9210306B1CC5AB2D007F1BD9 /* Release */ = {
			isa = XCBuildConfiguration;
			buildSettings = {
				ASSETCATALOG_COMPILER_APPICON_NAME = AppIcon;
				CODE_SIGN_IDENTITY = "iPhone Developer";
				"CODE_SIGN_IDENTITY[sdk=iphoneos*]" = "iPhone Developer";
				INFOPLIST_FILE = IceBreaker/Info.plist;
				IPHONEOS_DEPLOYMENT_TARGET = 8.2;
				LD_RUNPATH_SEARCH_PATHS = "$(inherited) @executable_path/Frameworks";
				PRODUCT_BUNDLE_IDENTIFIER = com.AnthonyDDelToro.IceBreaker;
				PRODUCT_NAME = "$(TARGET_NAME)";
				PROVISIONING_PROFILE = "";
			};
			name = Release;
		};
		9210306D1CC5AB2D007F1BD9 /* Debug */ = {
			isa = XCBuildConfiguration;
			buildSettings = {
				BUNDLE_LOADER = "$(TEST_HOST)";
				INFOPLIST_FILE = IceBreakerTests/Info.plist;
				LD_RUNPATH_SEARCH_PATHS = "$(inherited) @executable_path/Frameworks @loader_path/Frameworks";
				PRODUCT_BUNDLE_IDENTIFIER = com.AnthonyDDelToro.IceBreakerTests;
				PRODUCT_NAME = "$(TARGET_NAME)";
				TEST_HOST = "$(BUILT_PRODUCTS_DIR)/IceBreaker.app/IceBreaker";
			};
			name = Debug;
		};
		9210306E1CC5AB2D007F1BD9 /* Release */ = {
			isa = XCBuildConfiguration;
			buildSettings = {
				BUNDLE_LOADER = "$(TEST_HOST)";
				INFOPLIST_FILE = IceBreakerTests/Info.plist;
				LD_RUNPATH_SEARCH_PATHS = "$(inherited) @executable_path/Frameworks @loader_path/Frameworks";
				PRODUCT_BUNDLE_IDENTIFIER = com.AnthonyDDelToro.IceBreakerTests;
				PRODUCT_NAME = "$(TARGET_NAME)";
				TEST_HOST = "$(BUILT_PRODUCTS_DIR)/IceBreaker.app/IceBreaker";
			};
			name = Release;
		};
		921030701CC5AB2D007F1BD9 /* Debug */ = {
			isa = XCBuildConfiguration;
			buildSettings = {
				INFOPLIST_FILE = IceBreakerUITests/Info.plist;
				LD_RUNPATH_SEARCH_PATHS = "$(inherited) @executable_path/Frameworks @loader_path/Frameworks";
				PRODUCT_BUNDLE_IDENTIFIER = com.AnthonyDDelToro.IceBreakerUITests;
				PRODUCT_NAME = "$(TARGET_NAME)";
				TEST_TARGET_NAME = IceBreaker;
			};
			name = Debug;
		};
		921030711CC5AB2D007F1BD9 /* Release */ = {
			isa = XCBuildConfiguration;
			buildSettings = {
				INFOPLIST_FILE = IceBreakerUITests/Info.plist;
				LD_RUNPATH_SEARCH_PATHS = "$(inherited) @executable_path/Frameworks @loader_path/Frameworks";
				PRODUCT_BUNDLE_IDENTIFIER = com.AnthonyDDelToro.IceBreakerUITests;
				PRODUCT_NAME = "$(TARGET_NAME)";
				TEST_TARGET_NAME = IceBreaker;
			};
			name = Release;
		};
/* End XCBuildConfiguration section */

/* Begin XCConfigurationList section */
		921030391CC5AB2D007F1BD9 /* Build configuration list for PBXProject "IceBreaker" */ = {
			isa = XCConfigurationList;
			buildConfigurations = (
				921030671CC5AB2D007F1BD9 /* Debug */,
				921030681CC5AB2D007F1BD9 /* Release */,
			);
			defaultConfigurationIsVisible = 0;
			defaultConfigurationName = Release;
		};
		921030691CC5AB2D007F1BD9 /* Build configuration list for PBXNativeTarget "IceBreaker" */ = {
			isa = XCConfigurationList;
			buildConfigurations = (
				9210306A1CC5AB2D007F1BD9 /* Debug */,
				9210306B1CC5AB2D007F1BD9 /* Release */,
			);
			defaultConfigurationIsVisible = 0;
			defaultConfigurationName = Release;
		};
		9210306C1CC5AB2D007F1BD9 /* Build configuration list for PBXNativeTarget "IceBreakerTests" */ = {
			isa = XCConfigurationList;
			buildConfigurations = (
				9210306D1CC5AB2D007F1BD9 /* Debug */,
				9210306E1CC5AB2D007F1BD9 /* Release */,
			);
			defaultConfigurationIsVisible = 0;
			defaultConfigurationName = Release;
		};
		9210306F1CC5AB2D007F1BD9 /* Build configuration list for PBXNativeTarget "IceBreakerUITests" */ = {
			isa = XCConfigurationList;
			buildConfigurations = (
				921030701CC5AB2D007F1BD9 /* Debug */,
				921030711CC5AB2D007F1BD9 /* Release */,
			);
			defaultConfigurationIsVisible = 0;
			defaultConfigurationName = Release;
		};
/* End XCConfigurationList section */

/* Begin XCVersionGroup section */
		921030481CC5AB2D007F1BD9 /* IceBreaker.xcdatamodeld */ = {
			isa = XCVersionGroup;
			children = (
				921030491CC5AB2D007F1BD9 /* IceBreaker.xcdatamodel */,
			);
			currentVersion = 921030491CC5AB2D007F1BD9 /* IceBreaker.xcdatamodel */;
			path = IceBreaker.xcdatamodeld;
			sourceTree = "<group>";
			versionGroupType = wrapper.xcdatamodel;
		};
/* End XCVersionGroup section */
	};
	rootObject = 921030361CC5AB2D007F1BD9 /* Project object */;
}
